
Microsoft Visual Studio Solution File, Format Version 12.00
# Visual Studio Version 16
VisualStudioVersion = 16.0.30611.23
MinimumVisualStudioVersion = 10.0.40219.1
Project("{9A19103F-16F7-4668-BE54-9A1E7A4F7556}") = "VehicleManagementModels", "VehicleManagementModels\VehicleManagementModels.csproj", "{EEE2E0DA-5867-4193-A564-7E107570631F}"
EndProject
Project("{9A19103F-16F7-4668-BE54-9A1E7A4F7556}") = "VehicleManagementWeb", "VehicleManagementWeb\VehicleManagementWeb.csproj", "{0B36D241-FC36-4CCD-8D53-2D7907AB8261}"
EndProject
Project("{9A19103F-16F7-4668-BE54-9A1E7A4F7556}") = "VehicleManagementApi", "VehicleManagementApi\VehicleManagementApi.csproj", "{E349BD97-45E3-4FAE-B201-458F4E89824B}"
EndProject
Global
	GlobalSection(SolutionConfigurationPlatforms) = preSolution
		Debug|Any CPU = Debug|Any CPU
		Release|Any CPU = Release|Any CPU
	EndGlobalSection
	GlobalSection(ProjectConfigurationPlatforms) = postSolution
		{EEE2E0DA-5867-4193-A564-7E107570631F}.Debug|Any CPU.ActiveCfg = Debug|Any CPU
		{EEE2E0DA-5867-4193-A564-7E107570631F}.Debug|Any CPU.Build.0 = Debug|Any CPU
		{EEE2E0DA-5867-4193-A564-7E107570631F}.Release|Any CPU.ActiveCfg = Release|Any CPU
		{EEE2E0DA-5867-4193-A564-7E107570631F}.Release|Any CPU.Build.0 = Release|Any CPU
		{0B36D241-FC36-4CCD-8D53-2D7907AB8261}.Debug|Any CPU.ActiveCfg = Debug|Any CPU
		{0B36D241-FC36-4CCD-8D53-2D7907AB8261}.Debug|Any CPU.Build.0 = Debug|Any CPU
		{0B36D241-FC36-4CCD-8D53-2D7907AB8261}.Release|Any CPU.ActiveCfg = Release|Any CPU
		{0B36D241-FC36-4CCD-8D53-2D7907AB8261}.Release|Any CPU.Build.0 = Release|Any CPU
		{E349BD97-45E3-4FAE-B201-458F4E89824B}.Debug|Any CPU.ActiveCfg = Debug|Any CPU
		{E349BD97-45E3-4FAE-B201-458F4E89824B}.Debug|Any CPU.Build.0 = Debug|Any CPU
		{E349BD97-45E3-4FAE-B201-458F4E89824B}.Release|Any CPU.ActiveCfg = Release|Any CPU
		{E349BD97-45E3-4FAE-B201-458F4E89824B}.Release|Any CPU.Build.0 = Release|Any CPU
	EndGlobalSection
	GlobalSection(SolutionProperties) = preSolution
		HideSolutionNode = FALSE
	EndGlobalSection
	GlobalSection(ExtensibilityGlobals) = postSolution
		SolutionGuid = {83754FC3-DBD7-41AD-9537-9A567BA89739}
	EndGlobalSection
EndGlobal
